
Microsoft Visual Studio Solution File, Format Version 12.00
# Visual Studio 2015
Project("{FAE04EC0-301F-11D3-BF4B-00C04F79EFBC}") = "One Button Game Final", "One Button Game Final.csproj", "{BE1E3F63-C32C-5122-2E26-15702B46E9A9}"
EndProject
Global
	GlobalSection(SolutionConfigurationPlatforms) = preSolution
		Debug|Any CPU = Debug|Any CPU
		Release|Any CPU = Release|Any CPU
	EndGlobalSection
	GlobalSection(ProjectConfigurationPlatforms) = postSolution
		{BE1E3F63-C32C-5122-2E26-15702B46E9A9}.Debug|Any CPU.ActiveCfg = Debug|Any CPU
		{BE1E3F63-C32C-5122-2E26-15702B46E9A9}.Debug|Any CPU.Build.0 = Debug|Any CPU
		{BE1E3F63-C32C-5122-2E26-15702B46E9A9}.Release|Any CPU.ActiveCfg = Release|Any CPU
		{BE1E3F63-C32C-5122-2E26-15702B46E9A9}.Release|Any CPU.Build.0 = Release|Any CPU
	EndGlobalSection
	GlobalSection(SolutionProperties) = preSolution
		HideSolutionNode = FALSE
	EndGlobalSection
EndGlobal
