Microsoft Visual Studio Solution File, Format Version 11.00
# Visual Studio 2008

Project("{694EC5EB-81EE-B36E-9514-4ABAB2345E73}") = "One Button Game", "Assembly-CSharp.csproj", "{68CFD03F-46B2-D875-96DC-A58F37523CCC}"
EndProject
Global
	GlobalSection(SolutionConfigurationPlatforms) = preSolution
		Debug|Any CPU = Debug|Any CPU
		Release|Any CPU = Release|Any CPU
	EndGlobalSection
	GlobalSection(ProjectConfigurationPlatforms) = postSolution
		{68CFD03F-46B2-D875-96DC-A58F37523CCC}.Debug|Any CPU.ActiveCfg = Debug|Any CPU
		{68CFD03F-46B2-D875-96DC-A58F37523CCC}.Debug|Any CPU.Build.0 = Debug|Any CPU
		{68CFD03F-46B2-D875-96DC-A58F37523CCC}.Release|Any CPU.ActiveCfg = Release|Any CPU
		{68CFD03F-46B2-D875-96DC-A58F37523CCC}.Release|Any CPU.Build.0 = Release|Any CPU
	EndGlobalSection
	GlobalSection(SolutionProperties) = preSolution
		HideSolutionNode = FALSE
	EndGlobalSection
	GlobalSection(MonoDevelopProperties) = preSolution
		StartupItem = Assembly-CSharp.csproj
	EndGlobalSection
EndGlobal
